
Microsoft Visual Studio Solution File, Format Version 12.00
# Visual Studio Version 17
VisualStudioVersion = 17.2.32616.157
MinimumVisualStudioVersion = 10.0.40219.1
Project("{FAE04EC0-301F-11D3-BF4B-00C04F79EFBC}") = "TemperaturesSample", "TemperaturesSample\TemperaturesSample.csproj", "{AE14BDD9-62AF-4E08-AE0D-5544B00148DE}"
EndProject
Global
	GlobalSection(SolutionConfigurationPlatforms) = preSolution
		Debug|Any CPU = Debug|Any CPU
		Release|Any CPU = Release|Any CPU
	EndGlobalSection
	GlobalSection(ProjectConfigurationPlatforms) = postSolution
		{AE14BDD9-62AF-4E08-AE0D-5544B00148DE}.Debug|Any CPU.ActiveCfg = Debug|Any CPU
		{AE14BDD9-62AF-4E08-AE0D-5544B00148DE}.Debug|Any CPU.Build.0 = Debug|Any CPU
		{AE14BDD9-62AF-4E08-AE0D-5544B00148DE}.Release|Any CPU.ActiveCfg = Release|Any CPU
		{AE14BDD9-62AF-4E08-AE0D-5544B00148DE}.Release|Any CPU.Build.0 = Release|Any CPU
	EndGlobalSection
	GlobalSection(SolutionProperties) = preSolution
		HideSolutionNode = FALSE
	EndGlobalSection
	GlobalSection(ExtensibilityGlobals) = postSolution
		SolutionGuid = {D337D639-E564-4AA9-A395-5E5098ABEB04}
	EndGlobalSection
EndGlobal
